
Microsoft Visual Studio Solution File, Format Version 12.00
# Visual Studio Version 17
VisualStudioVersion = 17.11.35327.3
MinimumVisualStudioVersion = 10.0.40219.1
Project("{FAE04EC0-301F-11D3-BF4B-00C04F79EFBC}") = "SOAP_Service", "SOAP_Service\SOAP_Service.csproj", "{326BE3C9-A5A3-4245-A3F3-CFED585CA086}"
EndProject
Global
	GlobalSection(SolutionConfigurationPlatforms) = preSolution
		Debug|Any CPU = Debug|Any CPU
		Release|Any CPU = Release|Any CPU
	EndGlobalSection
	GlobalSection(ProjectConfigurationPlatforms) = postSolution
		{326BE3C9-A5A3-4245-A3F3-CFED585CA086}.Debug|Any CPU.ActiveCfg = Debug|Any CPU
		{326BE3C9-A5A3-4245-A3F3-CFED585CA086}.Debug|Any CPU.Build.0 = Debug|Any CPU
		{326BE3C9-A5A3-4245-A3F3-CFED585CA086}.Release|Any CPU.ActiveCfg = Release|Any CPU
		{326BE3C9-A5A3-4245-A3F3-CFED585CA086}.Release|Any CPU.Build.0 = Release|Any CPU
	EndGlobalSection
	GlobalSection(SolutionProperties) = preSolution
		HideSolutionNode = FALSE
	EndGlobalSection
	GlobalSection(ExtensibilityGlobals) = postSolution
		SolutionGuid = {0CFF7991-40F9-480C-8DE9-2C3AB0F7871A}
	EndGlobalSection
EndGlobal
